
Microsoft Visual Studio Solution File, Format Version 12.00
# Visual Studio Version 16
VisualStudioVersion = 16.0.30104.148
MinimumVisualStudioVersion = 10.0.40219.1
Project("{FAE04EC0-301F-11D3-BF4B-00C04F79EFBC}") = "Examen2", "Examen2.csproj", "{80A3907E-0D7D-4CB4-96F7-EF0BDE0A13AD}"
EndProject
Global
	GlobalSection(SolutionConfigurationPlatforms) = preSolution
		Debug|Any CPU = Debug|Any CPU
		Release|Any CPU = Release|Any CPU
	EndGlobalSection
	GlobalSection(ProjectConfigurationPlatforms) = postSolution
		{80A3907E-0D7D-4CB4-96F7-EF0BDE0A13AD}.Debug|Any CPU.ActiveCfg = Debug|Any CPU
		{80A3907E-0D7D-4CB4-96F7-EF0BDE0A13AD}.Debug|Any CPU.Build.0 = Debug|Any CPU
		{80A3907E-0D7D-4CB4-96F7-EF0BDE0A13AD}.Release|Any CPU.ActiveCfg = Release|Any CPU
		{80A3907E-0D7D-4CB4-96F7-EF0BDE0A13AD}.Release|Any CPU.Build.0 = Release|Any CPU
	EndGlobalSection
	GlobalSection(SolutionProperties) = preSolution
		HideSolutionNode = FALSE
	EndGlobalSection
	GlobalSection(ExtensibilityGlobals) = postSolution
		SolutionGuid = {395D2844-381C-432D-85E4-CE9BC2049AB8}
	EndGlobalSection
EndGlobal
